
Microsoft Visual Studio Solution File, Format Version 12.00
# Visual Studio 15
VisualStudioVersion = 15.0.28307.1321
MinimumVisualStudioVersion = 10.0.40219.1
Project("{FAE04EC0-301F-11D3-BF4B-00C04F79EFBC}") = "AreaCalc", "AreaCalc\AreaCalc.csproj", "{5613959A-205F-4830-94ED-F3AA0275A21F}"
EndProject
Global
	GlobalSection(SolutionConfigurationPlatforms) = preSolution
		Debug|Any CPU = Debug|Any CPU
		Release|Any CPU = Release|Any CPU
	EndGlobalSection
	GlobalSection(ProjectConfigurationPlatforms) = postSolution
		{5613959A-205F-4830-94ED-F3AA0275A21F}.Debug|Any CPU.ActiveCfg = Debug|Any CPU
		{5613959A-205F-4830-94ED-F3AA0275A21F}.Debug|Any CPU.Build.0 = Debug|Any CPU
		{5613959A-205F-4830-94ED-F3AA0275A21F}.Release|Any CPU.ActiveCfg = Release|Any CPU
		{5613959A-205F-4830-94ED-F3AA0275A21F}.Release|Any CPU.Build.0 = Release|Any CPU
	EndGlobalSection
	GlobalSection(SolutionProperties) = preSolution
		HideSolutionNode = FALSE
	EndGlobalSection
	GlobalSection(ExtensibilityGlobals) = postSolution
		SolutionGuid = {E966EBFF-A1AE-467D-83F8-DB6F71F8C2FB}
	EndGlobalSection
EndGlobal
